Microsoft Visual Studio Solution File, Format Version 12.00
# Visual Studio 15
VisualStudioVersion = 15.0.27428.1
MinimumVisualStudioVersion = 10.0.40219.1
Project("{9A19103F-16F7-4668-BE54-9A1E7A4F7556}") = "media-transcoding-testApi", "media-transcoding-testApi\media-transcoding-testApi.csproj", "{87F25E5B-4F80-4831-8367-FDB6127401AE}"
EndProject
Project("{9A19103F-16F7-4668-BE54-9A1E7A4F7556}") = "media-transcoding-app", "media-transcoding-app\media-transcoding-app.csproj", "{A0A65840-7FA2-4B5D-8E52-D822ADBB5076}"
EndProject
Project("{DA7A21FA-8162-4350-AD77-A8D1B671F3ED}") = "AnalysisTranscodingData", "AnalysisTranscodingData\AnalysisTranscodingData.rxproj", "{368B5D63-AE86-48E1-B2B8-17508A12A344}"
EndProject
Global
	GlobalSection(SolutionConfigurationPlatforms) = preSolution
		Debug|Any CPU = Debug|Any CPU
		Release|Any CPU = Release|Any CPU
	EndGlobalSection
	GlobalSection(ProjectConfigurationPlatforms) = postSolution
		{87F25E5B-4F80-4831-8367-FDB6127401AE}.Debug|Any CPU.ActiveCfg = Debug|Any CPU
		{87F25E5B-4F80-4831-8367-FDB6127401AE}.Debug|Any CPU.Build.0 = Debug|Any CPU
		{87F25E5B-4F80-4831-8367-FDB6127401AE}.Release|Any CPU.ActiveCfg = Release|Any CPU
		{87F25E5B-4F80-4831-8367-FDB6127401AE}.Release|Any CPU.Build.0 = Release|Any CPU
		{A0A65840-7FA2-4B5D-8E52-D822ADBB5076}.Debug|Any CPU.ActiveCfg = Debug|Any CPU
		{A0A65840-7FA2-4B5D-8E52-D822ADBB5076}.Debug|Any CPU.Build.0 = Debug|Any CPU
		{A0A65840-7FA2-4B5D-8E52-D822ADBB5076}.Release|Any CPU.ActiveCfg = Release|Any CPU
		{A0A65840-7FA2-4B5D-8E52-D822ADBB5076}.Release|Any CPU.Build.0 = Release|Any CPU
		{368B5D63-AE86-48E1-B2B8-17508A12A344}.Debug|Any CPU.ActiveCfg = Debug|Any CPU
		{368B5D63-AE86-48E1-B2B8-17508A12A344}.Debug|Any CPU.Build.0 = Debug|Any CPU
		{368B5D63-AE86-48E1-B2B8-17508A12A344}.Release|Any CPU.ActiveCfg = Release|Any CPU
		{368B5D63-AE86-48E1-B2B8-17508A12A344}.Release|Any CPU.Build.0 = Release|Any CPU
	EndGlobalSection
	GlobalSection(SolutionProperties) = preSolution
		HideSolutionNode = FALSE
	EndGlobalSection
	GlobalSection(ExtensibilityGlobals) = postSolution
		SolutionGuid = {7D19E2EA-B844-4E76-A192-533DFFC1F516}
	EndGlobalSection
EndGlobal
